
Microsoft Visual Studio Solution File, Format Version 12.00
# Visual Studio Version 16
VisualStudioVersion = 16.0.30611.23
MinimumVisualStudioVersion = 10.0.40219.1
Project("{FAE04EC0-301F-11D3-BF4B-00C04F79EFBC}") = "WebAPI", "WebAPI\WebAPI.csproj", "{FF70AC08-DEFA-46B0-A7E2-B04D0C9A2A40}"
EndProject
Project("{FAE04EC0-301F-11D3-BF4B-00C04F79EFBC}") = "Business", "Business\Business.csproj", "{64624809-8364-4309-96A4-631EAF4D9BC1}"
EndProject
Project("{FAE04EC0-301F-11D3-BF4B-00C04F79EFBC}") = "BusinessEntities", "BusinessEntities\BusinessEntities.csproj", "{83295E36-E946-42DC-BDB7-4582853F90ED}"
EndProject
Project("{FAE04EC0-301F-11D3-BF4B-00C04F79EFBC}") = "Data", "Data\Data.csproj", "{ED3DB6AB-7AE5-47EA-A9A8-618D8C5DCB78}"
EndProject
Project("{FAE04EC0-301F-11D3-BF4B-00C04F79EFBC}") = "UnitTest", "UnitTest\UnitTest.csproj", "{84FAE4CB-EA5E-409E-9F74-972E99D67AF9}"
EndProject
Global
	GlobalSection(SolutionConfigurationPlatforms) = preSolution
		Debug|Any CPU = Debug|Any CPU
		Release|Any CPU = Release|Any CPU
	EndGlobalSection
	GlobalSection(ProjectConfigurationPlatforms) = postSolution
		{FF70AC08-DEFA-46B0-A7E2-B04D0C9A2A40}.Debug|Any CPU.ActiveCfg = Debug|Any CPU
		{FF70AC08-DEFA-46B0-A7E2-B04D0C9A2A40}.Debug|Any CPU.Build.0 = Debug|Any CPU
		{FF70AC08-DEFA-46B0-A7E2-B04D0C9A2A40}.Release|Any CPU.ActiveCfg = Release|Any CPU
		{FF70AC08-DEFA-46B0-A7E2-B04D0C9A2A40}.Release|Any CPU.Build.0 = Release|Any CPU
		{64624809-8364-4309-96A4-631EAF4D9BC1}.Debug|Any CPU.ActiveCfg = Debug|Any CPU
		{64624809-8364-4309-96A4-631EAF4D9BC1}.Debug|Any CPU.Build.0 = Debug|Any CPU
		{64624809-8364-4309-96A4-631EAF4D9BC1}.Release|Any CPU.ActiveCfg = Release|Any CPU
		{64624809-8364-4309-96A4-631EAF4D9BC1}.Release|Any CPU.Build.0 = Release|Any CPU
		{83295E36-E946-42DC-BDB7-4582853F90ED}.Debug|Any CPU.ActiveCfg = Debug|Any CPU
		{83295E36-E946-42DC-BDB7-4582853F90ED}.Debug|Any CPU.Build.0 = Debug|Any CPU
		{83295E36-E946-42DC-BDB7-4582853F90ED}.Release|Any CPU.ActiveCfg = Release|Any CPU
		{83295E36-E946-42DC-BDB7-4582853F90ED}.Release|Any CPU.Build.0 = Release|Any CPU
		{ED3DB6AB-7AE5-47EA-A9A8-618D8C5DCB78}.Debug|Any CPU.ActiveCfg = Debug|Any CPU
		{ED3DB6AB-7AE5-47EA-A9A8-618D8C5DCB78}.Debug|Any CPU.Build.0 = Debug|Any CPU
		{ED3DB6AB-7AE5-47EA-A9A8-618D8C5DCB78}.Release|Any CPU.ActiveCfg = Release|Any CPU
		{ED3DB6AB-7AE5-47EA-A9A8-618D8C5DCB78}.Release|Any CPU.Build.0 = Release|Any CPU
		{84FAE4CB-EA5E-409E-9F74-972E99D67AF9}.Debug|Any CPU.ActiveCfg = Debug|Any CPU
		{84FAE4CB-EA5E-409E-9F74-972E99D67AF9}.Debug|Any CPU.Build.0 = Debug|Any CPU
		{84FAE4CB-EA5E-409E-9F74-972E99D67AF9}.Release|Any CPU.ActiveCfg = Release|Any CPU
		{84FAE4CB-EA5E-409E-9F74-972E99D67AF9}.Release|Any CPU.Build.0 = Release|Any CPU
	EndGlobalSection
	GlobalSection(SolutionProperties) = preSolution
		HideSolutionNode = FALSE
	EndGlobalSection
	GlobalSection(ExtensibilityGlobals) = postSolution
		SolutionGuid = {49D6E080-B664-4CAA-B30F-97F94D99A388}
	EndGlobalSection
EndGlobal
